lockfileVersion: '9.0'

settings:
  autoInstallPeers: true
  excludeLinksFromLockfile: false

importers:

  .: {}

  packages/pre-bundle-simple:
    dependencies:
      svelte:
        specifier: ^5.25.10
        version: 5.25.10
    devDependencies:
      '@rollup/plugin-commonjs':
        specifier: ^28.0.3
        version: 28.0.3(rollup@4.39.0)
      '@rollup/plugin-node-resolve':
        specifier: ^16.0.1
        version: 16.0.1(rollup@4.39.0)
      '@rollup/plugin-typescript':
        specifier: ^12.1.2
        version: 12.1.2(rollup@4.39.0)(tslib@2.8.1)(typescript@5.8.3)
      '@types/node':
        specifier: ^22.14.0
        version: 22.14.0
      rolldown:
        specifier: 1.0.0-beta.7
        version: 1.0.0-beta.7(typescript@5.8.3)
      rollup:
        specifier: ^4.39.0
        version: 4.39.0
      tslib:
        specifier: ^2.8.1
        version: 2.8.1
      typescript:
        specifier: ^5.8.3
        version: 5.8.3

  packages/pre-bundle-symbolic:
    dependencies:
      svelte:
        specifier: ^5.25.10
        version: 5.25.10
    devDependencies:
      '@rollup/plugin-commonjs':
        specifier: ^28.0.3
        version: 28.0.3(rollup@4.39.0)
      '@rollup/plugin-node-resolve':
        specifier: ^16.0.1
        version: 16.0.1(rollup@4.39.0)
      '@rollup/plugin-typescript':
        specifier: ^12.1.2
        version: 12.1.2(rollup@4.39.0)(tslib@2.8.1)(typescript@5.8.3)
      '@types/node':
        specifier: ^22.14.0
        version: 22.14.0
      rolldown:
        specifier: 1.0.0-beta.7
        version: 1.0.0-beta.7(typescript@5.8.3)
      rollup:
        specifier: ^4.39.0
        version: 4.39.0
      tslib:
        specifier: ^2.8.1
        version: 2.8.1
      typescript:
        specifier: ^5.8.3
        version: 5.8.3

packages:

  '@ampproject/remapping@2.3.0':
    resolution: {integrity: sha512-30iZtAPgz+LTIYoeivqYo853f02jBYSd5uGnGpkFV0M3xOt9aN73erkgYAmZU43x4VfqcnLxW9Kpg3R5LC4YYw==}
    engines: {node: '>=6.0.0'}

  '@emnapi/core@1.4.0':
    resolution: {integrity: sha512-H+N/FqT07NmLmt6OFFtDfwe8PNygprzBikrEMyQfgqSmT0vzE515Pz7R8izwB9q/zsH/MA64AKoul3sA6/CzVg==}

  '@emnapi/runtime@1.4.0':
    resolution: {integrity: sha512-64WYIf4UYcdLnbKn/umDlNjQDSS8AgZrI/R9+x5ilkUVFxXcA1Ebl+gQLc/6mERA4407Xof0R7wEyEuj091CVw==}

  '@emnapi/wasi-threads@1.0.1':
    resolution: {integrity: sha512-iIBu7mwkq4UQGeMEM8bLwNK962nXdhodeScX4slfQnRhEMMzvYivHhutCIk8uojvmASXXPC2WNEjwxFWk72Oqw==}

  '@jridgewell/gen-mapping@0.3.8':
    resolution: {integrity: sha512-imAbBGkb+ebQyxKgzv5Hu2nmROxoDOXHh80evxdoXNOrvAnVx7zimzc1Oo5h9RlfV4vPXaE2iM5pOFbvOCClWA==}
    engines: {node: '>=6.0.0'}

  '@jridgewell/resolve-uri@3.1.2':
    resolution: {integrity: sha512-bRISgCIjP20/tbWSPWMEi54QVPRZExkuD9lJL+UIxUKtwVJA8wW1Trb1jMs1RFXo1CBTNZ/5hpC9QvmKWdopKw==}
    engines: {node: '>=6.0.0'}

  '@jridgewell/set-array@1.2.1':
    resolution: {integrity: sha512-R8gLRTZeyp03ymzP/6Lil/28tGeGEzhx1q2k703KGWRAI1VdvPIXdG70VJc2pAMw3NA6JKL5hhFu1sJX0Mnn/A==}
    engines: {node: '>=6.0.0'}

  '@jridgewell/sourcemap-codec@1.5.0':
    resolution: {integrity: sha512-gv3ZRaISU3fjPAgNsriBRqGWQL6quFx04YMPW/zD8XMLsU32mhCCbfbO6KZFLjvYpCZ8zyDEgqsgf+PwPaM7GQ==}

  '@jridgewell/trace-mapping@0.3.25':
    resolution: {integrity: sha512-vNk6aEwybGtawWmy/PzwnGDOjCkLWSD2wqvjGGAgOAwCGWySYXfYoxt00IJkTF+8Lb57DwOb3Aa0o9CApepiYQ==}

  '@napi-rs/wasm-runtime@0.2.8':
    resolution: {integrity: sha512-OBlgKdX7gin7OIq4fadsjpg+cp2ZphvAIKucHsNfTdJiqdOmOEwQd/bHi0VwNrcw5xpBJyUw6cK/QilCqy1BSg==}

  '@oxc-project/types@0.61.2':
    resolution: {integrity: sha512-rfuwJwvwn9MRthHNXlSo9Eka/u7gC0MhnWAoX3BhE1+rwPOl22nq0K0Y997Hof0tHCOuD7H3/Z8HTfCVhB4c5Q==}

  '@rolldown/binding-darwin-arm64@1.0.0-beta.7':
    resolution: {integrity: sha512-spVRMdG9NotVYfrc94W8zMKEqLFbxm/dzkBjTfKzXMqhyBryo1lwZ14o8xFb3lM/ON/ZUT7laR9y+r6SIUtFrg==}
    cpu: [arm64]
    os: [darwin]

  '@rolldown/binding-darwin-x64@1.0.0-beta.7':
    resolution: {integrity: sha512-6d6PicpBNLWJUyGO1b87QOBtQuqL1X9qVugi+kyGcChxW2bL87/CIBAJDu1g3mM62xSzxUitGa2YWRMhMJu2OA==}
    cpu: [x64]
    os: [darwin]

  '@rolldown/binding-freebsd-x64@1.0.0-beta.7':
    resolution: {integrity: sha512-RCKUAMUr1+F1wDSUmWUoGimCNAoQ9km5SRIEhrTlCOXe4wv+rY4o07cTaBjehBm+GtT+u0r36SW2gOmikivj9Q==}
    cpu: [x64]
    os: [freebsd]

  '@rolldown/binding-linux-arm-gnueabihf@1.0.0-beta.7':
    resolution: {integrity: sha512-SRGp4RaUC2oFZTDtLSRePWWE5F4C5vrlsr/a3+/mBlBVUdSrB7341hqAEcezW3YYHQOT/j9CPXu2NULENSywwQ==}
    cpu: [arm]
    os: [linux]

  '@rolldown/binding-linux-arm64-gnu@1.0.0-beta.7':
    resolution: {integrity: sha512-q6Szr5o54lJWir2uYxwxDoOUdSCrA2Nb8sKqQRnJHP9985o0uxeq85LKvMubFRgTKq9Q71ZZPrZBs7pwr4ji1Q==}
    cpu: [arm64]
    os: [linux]

  '@rolldown/binding-linux-arm64-musl@1.0.0-beta.7':
    resolution: {integrity: sha512-MiEE4ReEw7jdxKE8eKTdt3z7N1sucgSb1J0BUY3Dd8YKLjh2jNYHhJu13/tCo2DBMZxT+FDJE3WJ5kCxZA7+YA==}
    cpu: [arm64]
    os: [linux]

  '@rolldown/binding-linux-x64-gnu@1.0.0-beta.7':
    resolution: {integrity: sha512-2yDNUKQidgcZr/VSJCUy9IGvtcF/GfBEBrCsqvSkVKMNLNySICvybAwKtCNPeZSOwf875CWnnyKNeg5vwV6rMg==}
    cpu: [x64]
    os: [linux]

  '@rolldown/binding-linux-x64-musl@1.0.0-beta.7':
    resolution: {integrity: sha512-72LjHkY9Sqav35qopNh4fabhSsqKWmOwMtjmrNgONTtC5LhALjNZlaXkAaFvQRJ8N7ftT8BOITzaZeqrF6BYdg==}
    cpu: [x64]
    os: [linux]

  '@rolldown/binding-wasm32-wasi@1.0.0-beta.7':
    resolution: {integrity: sha512-sR8q2p3j5ZCkFWPbm6LUIYE7SHfmrVqXu0n4CFpzmAM95pDhFRx8SzT/oL5tkFN+mCdnPpzcvpn9OioVXQ8CxA==}
    engines: {node: '>=14.21.3'}
    cpu: [wasm32]

  '@rolldown/binding-win32-arm64-msvc@1.0.0-beta.7':
    resolution: {integrity: sha512-eeSNGdZt01NelYGl5LZc3cSwN4iYG5XE8zMqkILErfW6ndpc74DKeDWI0aG8jmtjz5VerLA4B9DzOkhuFj4lNg==}
    cpu: [arm64]
    os: [win32]

  '@rolldown/binding-win32-ia32-msvc@1.0.0-beta.7':
    resolution: {integrity: sha512-d7Uhs3LWirrE4+TRa2N25AqrZaZjYZdOrKSYbZFMF42tFkWIgGWPCQouTqjMgjVGX0feJpF7+9dwVhjZFzZbYA==}
    cpu: [ia32]
    os: [win32]

  '@rolldown/binding-win32-x64-msvc@1.0.0-beta.7':
    resolution: {integrity: sha512-Z3P1JHx+U7Sr73v5wJtEygxboF2VR9ds4eSAgFfslhIxFI48FFm+WEMeuLLeqnx0tiq1UL6cIIg5+h3mlaG6UA==}
    cpu: [x64]
    os: [win32]

  '@rollup/plugin-commonjs@28.0.3':
    resolution: {integrity: sha512-pyltgilam1QPdn+Zd9gaCfOLcnjMEJ9gV+bTw6/r73INdvzf1ah9zLIJBm+kW7R6IUFIQ1YO+VqZtYxZNWFPEQ==}
    engines: {node: '>=16.0.0 || 14 >= 14.17'}
    peerDependencies:
      rollup: ^2.68.0||^3.0.0||^4.0.0
    peerDependenciesMeta:
      rollup:
        optional: true

  '@rollup/plugin-node-resolve@16.0.1':
    resolution: {integrity: sha512-tk5YCxJWIG81umIvNkSod2qK5KyQW19qcBF/B78n1bjtOON6gzKoVeSzAE8yHCZEDmqkHKkxplExA8KzdJLJpA==}
    engines: {node: '>=14.0.0'}
    peerDependencies:
      rollup: ^2.78.0||^3.0.0||^4.0.0
    peerDependenciesMeta:
      rollup:
        optional: true

  '@rollup/plugin-typescript@12.1.2':
    resolution: {integrity: sha512-cdtSp154H5sv637uMr1a8OTWB0L1SWDSm1rDGiyfcGcvQ6cuTs4MDk2BVEBGysUWago4OJN4EQZqOTl/QY3Jgg==}
    engines: {node: '>=14.0.0'}
    peerDependencies:
      rollup: ^2.14.0||^3.0.0||^4.0.0
      tslib: '*'
      typescript: '>=3.7.0'
    peerDependenciesMeta:
      rollup:
        optional: true
      tslib:
        optional: true

  '@rollup/pluginutils@5.1.4':
    resolution: {integrity: sha512-USm05zrsFxYLPdWWq+K3STlWiT/3ELn3RcV5hJMghpeAIhxfsUIg6mt12CBJBInWMV4VneoV7SfGv8xIwo2qNQ==}
    engines: {node: '>=14.0.0'}
    peerDependencies:
      rollup: ^1.20.0||^2.0.0||^3.0.0||^4.0.0
    peerDependenciesMeta:
      rollup:
        optional: true

  '@rollup/rollup-android-arm-eabi@4.39.0':
    resolution: {integrity: sha512-lGVys55Qb00Wvh8DMAocp5kIcaNzEFTmGhfFd88LfaogYTRKrdxgtlO5H6S49v2Nd8R2C6wLOal0qv6/kCkOwA==}
    cpu: [arm]
    os: [android]

  '@rollup/rollup-android-arm64@4.39.0':
    resolution: {integrity: sha512-It9+M1zE31KWfqh/0cJLrrsCPiF72PoJjIChLX+rEcujVRCb4NLQ5QzFkzIZW8Kn8FTbvGQBY5TkKBau3S8cCQ==}
    cpu: [arm64]
    os: [android]

  '@rollup/rollup-darwin-arm64@4.39.0':
    resolution: {integrity: sha512-lXQnhpFDOKDXiGxsU9/l8UEGGM65comrQuZ+lDcGUx+9YQ9dKpF3rSEGepyeR5AHZ0b5RgiligsBhWZfSSQh8Q==}
    cpu: [arm64]
    os: [darwin]

  '@rollup/rollup-darwin-x64@4.39.0':
    resolution: {integrity: sha512-mKXpNZLvtEbgu6WCkNij7CGycdw9cJi2k9v0noMb++Vab12GZjFgUXD69ilAbBh034Zwn95c2PNSz9xM7KYEAQ==}
    cpu: [x64]
    os: [darwin]

  '@rollup/rollup-freebsd-arm64@4.39.0':
    resolution: {integrity: sha512-jivRRlh2Lod/KvDZx2zUR+I4iBfHcu2V/BA2vasUtdtTN2Uk3jfcZczLa81ESHZHPHy4ih3T/W5rPFZ/hX7RtQ==}
    cpu: [arm64]
    os: [freebsd]

  '@rollup/rollup-freebsd-x64@4.39.0':
    resolution: {integrity: sha512-8RXIWvYIRK9nO+bhVz8DwLBepcptw633gv/QT4015CpJ0Ht8punmoHU/DuEd3iw9Hr8UwUV+t+VNNuZIWYeY7Q==}
    cpu: [x64]
    os: [freebsd]

  '@rollup/rollup-linux-arm-gnueabihf@4.39.0':
    resolution: {integrity: sha512-mz5POx5Zu58f2xAG5RaRRhp3IZDK7zXGk5sdEDj4o96HeaXhlUwmLFzNlc4hCQi5sGdR12VDgEUqVSHer0lI9g==}
    cpu: [arm]
    os: [linux]

  '@rollup/rollup-linux-arm-musleabihf@4.39.0':
    resolution: {integrity: sha512-+YDwhM6gUAyakl0CD+bMFpdmwIoRDzZYaTWV3SDRBGkMU/VpIBYXXEvkEcTagw/7VVkL2vA29zU4UVy1mP0/Yw==}
    cpu: [arm]
    os: [linux]

  '@rollup/rollup-linux-arm64-gnu@4.39.0':
    resolution: {integrity: sha512-EKf7iF7aK36eEChvlgxGnk7pdJfzfQbNvGV/+l98iiMwU23MwvmV0Ty3pJ0p5WQfm3JRHOytSIqD9LB7Bq7xdQ==}
    cpu: [arm64]
    os: [linux]

  '@rollup/rollup-linux-arm64-musl@4.39.0':
    resolution: {integrity: sha512-vYanR6MtqC7Z2SNr8gzVnzUul09Wi1kZqJaek3KcIlI/wq5Xtq4ZPIZ0Mr/st/sv/NnaPwy/D4yXg5x0B3aUUA==}
    cpu: [arm64]
    os: [linux]

  '@rollup/rollup-linux-loongarch64-gnu@4.39.0':
    resolution: {integrity: sha512-NMRUT40+h0FBa5fb+cpxtZoGAggRem16ocVKIv5gDB5uLDgBIwrIsXlGqYbLwW8YyO3WVTk1FkFDjMETYlDqiw==}
    cpu: [loong64]
    os: [linux]

  '@rollup/rollup-linux-powerpc64le-gnu@4.39.0':
    resolution: {integrity: sha512-0pCNnmxgduJ3YRt+D+kJ6Ai/r+TaePu9ZLENl+ZDV/CdVczXl95CbIiwwswu4L+K7uOIGf6tMo2vm8uadRaICQ==}
    cpu: [ppc64]
    os: [linux]

  '@rollup/rollup-linux-riscv64-gnu@4.39.0':
    resolution: {integrity: sha512-t7j5Zhr7S4bBtksT73bO6c3Qa2AV/HqiGlj9+KB3gNF5upcVkx+HLgxTm8DK4OkzsOYqbdqbLKwvGMhylJCPhQ==}
    cpu: [riscv64]
    os: [linux]

  '@rollup/rollup-linux-riscv64-musl@4.39.0':
    resolution: {integrity: sha512-m6cwI86IvQ7M93MQ2RF5SP8tUjD39Y7rjb1qjHgYh28uAPVU8+k/xYWvxRO3/tBN2pZkSMa5RjnPuUIbrwVxeA==}
    cpu: [riscv64]
    os: [linux]

  '@rollup/rollup-linux-s390x-gnu@4.39.0':
    resolution: {integrity: sha512-iRDJd2ebMunnk2rsSBYlsptCyuINvxUfGwOUldjv5M4tpa93K8tFMeYGpNk2+Nxl+OBJnBzy2/JCscGeO507kA==}
    cpu: [s390x]
    os: [linux]

  '@rollup/rollup-linux-x64-gnu@4.39.0':
    resolution: {integrity: sha512-t9jqYw27R6Lx0XKfEFe5vUeEJ5pF3SGIM6gTfONSMb7DuG6z6wfj2yjcoZxHg129veTqU7+wOhY6GX8wmf90dA==}
    cpu: [x64]
    os: [linux]

  '@rollup/rollup-linux-x64-musl@4.39.0':
    resolution: {integrity: sha512-ThFdkrFDP55AIsIZDKSBWEt/JcWlCzydbZHinZ0F/r1h83qbGeenCt/G/wG2O0reuENDD2tawfAj2s8VK7Bugg==}
    cpu: [x64]
    os: [linux]

  '@rollup/rollup-win32-arm64-msvc@4.39.0':
    resolution: {integrity: sha512-jDrLm6yUtbOg2TYB3sBF3acUnAwsIksEYjLeHL+TJv9jg+TmTwdyjnDex27jqEMakNKf3RwwPahDIt7QXCSqRQ==}
    cpu: [arm64]
    os: [win32]

  '@rollup/rollup-win32-ia32-msvc@4.39.0':
    resolution: {integrity: sha512-6w9uMuza+LbLCVoNKL5FSLE7yvYkq9laSd09bwS0tMjkwXrmib/4KmoJcrKhLWHvw19mwU+33ndC69T7weNNjQ==}
    cpu: [ia32]
    os: [win32]

  '@rollup/rollup-win32-x64-msvc@4.39.0':
    resolution: {integrity: sha512-yAkUOkIKZlK5dl7u6dg897doBgLXmUHhIINM2c+sND3DZwnrdQkkSiDh7N75Ll4mM4dxSkYfXqU9fW3lLkMFug==}
    cpu: [x64]
    os: [win32]

  '@sveltejs/acorn-typescript@1.0.5':
    resolution: {integrity: sha512-IwQk4yfwLdibDlrXVE04jTZYlLnwsTT2PIOQQGNLWfjavGifnk1JD1LcZjZaBTRcxZu2FfPfNLOE04DSu9lqtQ==}
    peerDependencies:
      acorn: ^8.9.0

  '@tybys/wasm-util@0.9.0':
    resolution: {integrity: sha512-6+7nlbMVX/PVDCwaIQ8nTOPveOcFLSt8GcXdx8hD0bt39uWxYT88uXzqTd4fTvqta7oeUJqudepapKNt2DYJFw==}

  '@types/estree@1.0.7':
    resolution: {integrity: sha512-w28IoSUCJpidD/TGviZwwMJckNESJZXFu7NBZ5YJ4mEUnNraUn9Pm8HSZm/jDF1pDWYKspWE7oVphigUPRakIQ==}

  '@types/node@22.14.0':
    resolution: {integrity: sha512-Kmpl+z84ILoG+3T/zQFyAJsU6EPTmOCj8/2+83fSN6djd6I4o7uOuGIH6vq3PrjY5BGitSbFuMN18j3iknubbA==}

  '@types/resolve@1.20.2':
    resolution: {integrity: sha512-60BCwRFOZCQhDncwQdxxeOEEkbc5dIMccYLwbxsS4TUNeVECQ/pBJ0j09mrHOl/JJvpRPGwO9SvE4nR2Nb/a4Q==}

  '@valibot/to-json-schema@1.0.0':
    resolution: {integrity: sha512-/9crJgPptVsGCL6X+JPDQyaJwkalSZ/52WuF8DiRUxJgcmpNdzYRfZ+gqMEP8W3CTVfuMWPqqvIgfwJ97f9Etw==}
    peerDependencies:
      valibot: ^1.0.0

  acorn@8.14.1:
    resolution: {integrity: sha512-OvQ/2pUDKmgfCg++xsTX1wGxfTaszcHVcTctW4UJB4hibJx2HXxxO5UmVgyjMa+ZDsiaf5wWLXYpRWMmBI0QHg==}
    engines: {node: '>=0.4.0'}
    hasBin: true

  aria-query@5.3.2:
    resolution: {integrity: sha512-COROpnaoap1E2F000S62r6A60uHZnmlvomhfyT2DlTcrY1OrBKn2UhH7qn5wTC9zMvD0AY7csdPSNwKP+7WiQw==}
    engines: {node: '>= 0.4'}

  axobject-query@4.1.0:
    resolution: {integrity: sha512-qIj0G9wZbMGNLjLmg1PT6v2mE9AH2zlnADJD/2tC6E00hgmhUOfEB6greHPAfLRSufHqROIUTkw6E+M3lH0PTQ==}
    engines: {node: '>= 0.4'}

  clsx@2.1.1:
    resolution: {integrity: sha512-eYm0QWBtUrBWZWG0d386OGAw16Z995PiOVo2B7bjWSbHedGl5e0ZWaq65kOGgUSNesEIDkB9ISbTg/JK9dhCZA==}
    engines: {node: '>=6'}

  commondir@1.0.1:
    resolution: {integrity: sha512-W9pAhw0ja1Edb5GVdIF1mjZw/ASI0AlShXM83UUGe2DVr5TdAPEA1OA8m/g8zWp9x6On7gqufY+FatDbC3MDQg==}

  deepmerge@4.3.1:
    resolution: {integrity: sha512-3sUqbMEc77XqpdNO7FRyRog+eW3ph+GYCbj+rK+uYyRMuwsVy0rMiVtPn+QJlKFvWP/1PYpapqYn0Me2knFn+A==}
    engines: {node: '>=0.10.0'}

  esm-env@1.2.2:
    resolution: {integrity: sha512-Epxrv+Nr/CaL4ZcFGPJIYLWFom+YeV1DqMLHJoEd9SYRxNbaFruBwfEX/kkHUJf55j2+TUbmDcmuilbP1TmXHA==}

  esrap@1.4.6:
    resolution: {integrity: sha512-F/D2mADJ9SHY3IwksD4DAXjTt7qt7GWUf3/8RhCNWmC/67tyb55dpimHmy7EplakFaflV0R/PC+fdSPqrRHAQw==}

  estree-walker@2.0.2:
    resolution: {integrity: sha512-Rfkk/Mp/DL7JVje3u18FxFujQlTNR2q6QfMSMB7AvCBx91NGj/ba3kCfza0f6dVDbw7YlRf/nDrn7pQrCCyQ/w==}

  fdir@6.4.3:
    resolution: {integrity: sha512-PMXmW2y1hDDfTSRc9gaXIuCCRpuoz3Kaz8cUelp3smouvfT632ozg2vrT6lJsHKKOF59YLbOGfAWGUcKEfRMQw==}
    peerDependencies:
      picomatch: ^3 || ^4
    peerDependenciesMeta:
      picomatch:
        optional: true

  fsevents@2.3.3:
    resolution: {integrity: sha512-5xoDfX+fL7faATnagmWPpbFtwh/R77WmMMqqHGS65C3vvB0YHrgF+B1YmZ3441tMj5n63k0212XNoJwzlhffQw==}
    engines: {node: ^8.16.0 || ^10.6.0 || >=11.0.0}
    os: [darwin]

  function-bind@1.1.2:
    resolution: {integrity: sha512-7XHNxH7qX9xG5mIwxkhumTox/MIRNcOgDrxWsMt2pAr23WHp6MrRlN7FBSFpCpr+oVO0F744iUgR82nJMfG2SA==}

  hasown@2.0.2:
    resolution: {integrity: sha512-0hJU9SCPvmMzIBdZFqNPXWa6dqh7WdH0cII9y+CyS8rG3nL48Bclra9HmKhVVUHyPWNH5Y7xDwAB7bfgSjkUMQ==}
    engines: {node: '>= 0.4'}

  is-core-module@2.16.1:
    resolution: {integrity: sha512-UfoeMA6fIJ8wTYFEUjelnaGI67v6+N7qXJEvQuIGa99l4xsCruSYOVSQ0uPANn4dAzm8lkYPaKLrrijLq7x23w==}
    engines: {node: '>= 0.4'}

  is-module@1.0.0:
    resolution: {integrity: sha512-51ypPSPCoTEIN9dy5Oy+h4pShgJmPCygKfyRCISBI+JoWT/2oJvK8QPxmwv7b/p239jXrm9M1mlQbyKJ5A152g==}

  is-reference@1.2.1:
    resolution: {integrity: sha512-U82MsXXiFIrjCK4otLT+o2NA2Cd2g5MLoOVXUZjIOhLurrRxpEXzI8O0KZHr3IjLvlAH1kTPYSuqer5T9ZVBKQ==}

  is-reference@3.0.3:
    resolution: {integrity: sha512-ixkJoqQvAP88E6wLydLGGqCJsrFUnqoH6HnaczB8XmDH1oaWU+xxdptvikTgaEhtZ53Ky6YXiBuUI2WXLMCwjw==}

  locate-character@3.0.0:
    resolution: {integrity: sha512-SW13ws7BjaeJ6p7Q6CO2nchbYEc3X3J6WrmTTDto7yMPqVSZTUyY5Tjbid+Ab8gLnATtygYtiDIJGQRRn2ZOiA==}

  magic-string@0.30.17:
    resolution: {integrity: sha512-sNPKHvyjVf7gyjwS4xGTaW/mCnF8wnjtifKBEhxfZ7E/S8tQ0rssrwGNn6q8JH/ohItJfSQp9mBtQYuTlH5QnA==}

  path-parse@1.0.7:
    resolution: {integrity: sha512-LDJzPVEEEPR+y48z93A0Ed0yXb8pAByGWo/k5YYdYgpY2/2EsOsksJrq7lOHxryrVOn1ejG6oAp8ahvOIQD8sw==}

  picomatch@4.0.2:
    resolution: {integrity: sha512-M7BAV6Rlcy5u+m6oPhAPFgJTzAioX/6B0DxyvDlo9l8+T3nLKbrczg2WLUyzd45L8RqfUMyGPzekbMvX2Ldkwg==}
    engines: {node: '>=12'}

  resolve@1.22.10:
    resolution: {integrity: sha512-NPRy+/ncIMeDlTAsuqwKIiferiawhefFJtkNSW0qZJEqMEb+qBt/77B/jGeeek+F0uOeN05CDa6HXbbIgtVX4w==}
    engines: {node: '>= 0.4'}
    hasBin: true

  rolldown@1.0.0-beta.7:
    resolution: {integrity: sha512-IUa/9lZVqgFilYggiY7jxUbmvU4Q8wVvVqsru+AeMldBccBEhTYZ6/XP6cWsznb8Fv49zfYGaeEpJ5WeVdo6Mg==}
    hasBin: true
    peerDependencies:
      '@oxc-project/runtime': 0.61.2
    peerDependenciesMeta:
      '@oxc-project/runtime':
        optional: true

  rollup@4.39.0:
    resolution: {integrity: sha512-thI8kNc02yNvnmJp8dr3fNWJ9tCONDhp6TV35X6HkKGGs9E6q7YWCHbe5vKiTa7TAiNcFEmXKj3X/pG2b3ci0g==}
    engines: {node: '>=18.0.0', npm: '>=8.0.0'}
    hasBin: true

  supports-preserve-symlinks-flag@1.0.0:
    resolution: {integrity: sha512-ot0WnXS9fgdkgIcePe6RHNk1WA8+muPa6cSjeR3V8K27q9BB1rTE3R1p7Hv0z1ZyAc8s6Vvv8DIyWf681MAt0w==}
    engines: {node: '>= 0.4'}

  svelte@5.25.10:
    resolution: {integrity: sha512-tOUlvm3goAhmELYKWYX3SchYeqlVlIcUfKA4qIgd6Urm7qDw3KiZP/wJtoRv3ZeRUHPorM9f6+lOlbFxUN8QoA==}
    engines: {node: '>=18'}

  tslib@2.8.1:
    resolution: {integrity: sha512-oJFu94HQb+KVduSUQL7wnpmqnfmLsOA/nAh6b6EH0wCEoK0/mPeXU6c3wKDV83MkOuHPRHtSXKKU99IBazS/2w==}

  typescript@5.8.3:
    resolution: {integrity: sha512-p1diW6TqL9L07nNxvRMM7hMMw4c5XOo/1ibL4aAIGmSAt9slTE1Xgw5KWuof2uTOvCg9BY7ZRi+GaF+7sfgPeQ==}
    engines: {node: '>=14.17'}
    hasBin: true

  undici-types@6.21.0:
    resolution: {integrity: sha512-iwDZqg0QAGrg9Rav5H4n0M64c3mkR59cJ6wQp+7C4nI0gsmExaedaYLNO44eT4AtBBwjbTiGPMlt2Md0T9H9JQ==}

  valibot@1.0.0:
    resolution: {integrity: sha512-1Hc0ihzWxBar6NGeZv7fPLY0QuxFMyxwYR2sF1Blu7Wq7EnremwY2W02tit2ij2VJT8HcSkHAQqmFfl77f73Yw==}
    peerDependencies:
      typescript: '>=5'
    peerDependenciesMeta:
      typescript:
        optional: true

  zimmerframe@1.1.2:
    resolution: {integrity: sha512-rAbqEGa8ovJy4pyBxZM70hg4pE6gDgaQ0Sl9M3enG3I0d6H4XSAM3GeNGLKnsBpuijUow064sf7ww1nutC5/3w==}

snapshots:

  '@ampproject/remapping@2.3.0':
    dependencies:
      '@jridgewell/gen-mapping': 0.3.8
      '@jridgewell/trace-mapping': 0.3.25

  '@emnapi/core@1.4.0':
    dependencies:
      '@emnapi/wasi-threads': 1.0.1
      tslib: 2.8.1
    optional: true

  '@emnapi/runtime@1.4.0':
    dependencies:
      tslib: 2.8.1
    optional: true

  '@emnapi/wasi-threads@1.0.1':
    dependencies:
      tslib: 2.8.1
    optional: true

  '@jridgewell/gen-mapping@0.3.8':
    dependencies:
      '@jridgewell/set-array': 1.2.1
      '@jridgewell/sourcemap-codec': 1.5.0
      '@jridgewell/trace-mapping': 0.3.25

  '@jridgewell/resolve-uri@3.1.2': {}

  '@jridgewell/set-array@1.2.1': {}

  '@jridgewell/sourcemap-codec@1.5.0': {}

  '@jridgewell/trace-mapping@0.3.25':
    dependencies:
      '@jridgewell/resolve-uri': 3.1.2
      '@jridgewell/sourcemap-codec': 1.5.0

  '@napi-rs/wasm-runtime@0.2.8':
    dependencies:
      '@emnapi/core': 1.4.0
      '@emnapi/runtime': 1.4.0
      '@tybys/wasm-util': 0.9.0
    optional: true

  '@oxc-project/types@0.61.2': {}

  '@rolldown/binding-darwin-arm64@1.0.0-beta.7':
    optional: true

  '@rolldown/binding-darwin-x64@1.0.0-beta.7':
    optional: true

  '@rolldown/binding-freebsd-x64@1.0.0-beta.7':
    optional: true

  '@rolldown/binding-linux-arm-gnueabihf@1.0.0-beta.7':
    optional: true

  '@rolldown/binding-linux-arm64-gnu@1.0.0-beta.7':
    optional: true

  '@rolldown/binding-linux-arm64-musl@1.0.0-beta.7':
    optional: true

  '@rolldown/binding-linux-x64-gnu@1.0.0-beta.7':
    optional: true

  '@rolldown/binding-linux-x64-musl@1.0.0-beta.7':
    optional: true

  '@rolldown/binding-wasm32-wasi@1.0.0-beta.7':
    dependencies:
      '@napi-rs/wasm-runtime': 0.2.8
    optional: true

  '@rolldown/binding-win32-arm64-msvc@1.0.0-beta.7':
    optional: true

  '@rolldown/binding-win32-ia32-msvc@1.0.0-beta.7':
    optional: true

  '@rolldown/binding-win32-x64-msvc@1.0.0-beta.7':
    optional: true

  '@rollup/plugin-commonjs@28.0.3(rollup@4.39.0)':
    dependencies:
      '@rollup/pluginutils': 5.1.4(rollup@4.39.0)
      commondir: 1.0.1
      estree-walker: 2.0.2
      fdir: 6.4.3(picomatch@4.0.2)
      is-reference: 1.2.1
      magic-string: 0.30.17
      picomatch: 4.0.2
    optionalDependencies:
      rollup: 4.39.0

  '@rollup/plugin-node-resolve@16.0.1(rollup@4.39.0)':
    dependencies:
      '@rollup/pluginutils': 5.1.4(rollup@4.39.0)
      '@types/resolve': 1.20.2
      deepmerge: 4.3.1
      is-module: 1.0.0
      resolve: 1.22.10
    optionalDependencies:
      rollup: 4.39.0

  '@rollup/plugin-typescript@12.1.2(rollup@4.39.0)(tslib@2.8.1)(typescript@5.8.3)':
    dependencies:
      '@rollup/pluginutils': 5.1.4(rollup@4.39.0)
      resolve: 1.22.10
      typescript: 5.8.3
    optionalDependencies:
      rollup: 4.39.0
      tslib: 2.8.1

  '@rollup/pluginutils@5.1.4(rollup@4.39.0)':
    dependencies:
      '@types/estree': 1.0.7
      estree-walker: 2.0.2
      picomatch: 4.0.2
    optionalDependencies:
      rollup: 4.39.0

  '@rollup/rollup-android-arm-eabi@4.39.0':
    optional: true

  '@rollup/rollup-android-arm64@4.39.0':
    optional: true

  '@rollup/rollup-darwin-arm64@4.39.0':
    optional: true

  '@rollup/rollup-darwin-x64@4.39.0':
    optional: true

  '@rollup/rollup-freebsd-arm64@4.39.0':
    optional: true

  '@rollup/rollup-freebsd-x64@4.39.0':
    optional: true

  '@rollup/rollup-linux-arm-gnueabihf@4.39.0':
    optional: true

  '@rollup/rollup-linux-arm-musleabihf@4.39.0':
    optional: true

  '@rollup/rollup-linux-arm64-gnu@4.39.0':
    optional: true

  '@rollup/rollup-linux-arm64-musl@4.39.0':
    optional: true

  '@rollup/rollup-linux-loongarch64-gnu@4.39.0':
    optional: true

  '@rollup/rollup-linux-powerpc64le-gnu@4.39.0':
    optional: true

  '@rollup/rollup-linux-riscv64-gnu@4.39.0':
    optional: true

  '@rollup/rollup-linux-riscv64-musl@4.39.0':
    optional: true

  '@rollup/rollup-linux-s390x-gnu@4.39.0':
    optional: true

  '@rollup/rollup-linux-x64-gnu@4.39.0':
    optional: true

  '@rollup/rollup-linux-x64-musl@4.39.0':
    optional: true

  '@rollup/rollup-win32-arm64-msvc@4.39.0':
    optional: true

  '@rollup/rollup-win32-ia32-msvc@4.39.0':
    optional: true

  '@rollup/rollup-win32-x64-msvc@4.39.0':
    optional: true

  '@sveltejs/acorn-typescript@1.0.5(acorn@8.14.1)':
    dependencies:
      acorn: 8.14.1

  '@tybys/wasm-util@0.9.0':
    dependencies:
      tslib: 2.8.1
    optional: true

  '@types/estree@1.0.7': {}

  '@types/node@22.14.0':
    dependencies:
      undici-types: 6.21.0

  '@types/resolve@1.20.2': {}

  '@valibot/to-json-schema@1.0.0(valibot@1.0.0(typescript@5.8.3))':
    dependencies:
      valibot: 1.0.0(typescript@5.8.3)

  acorn@8.14.1: {}

  aria-query@5.3.2: {}

  axobject-query@4.1.0: {}

  clsx@2.1.1: {}

  commondir@1.0.1: {}

  deepmerge@4.3.1: {}

  esm-env@1.2.2: {}

  esrap@1.4.6:
    dependencies:
      '@jridgewell/sourcemap-codec': 1.5.0

  estree-walker@2.0.2: {}

  fdir@6.4.3(picomatch@4.0.2):
    optionalDependencies:
      picomatch: 4.0.2

  fsevents@2.3.3:
    optional: true

  function-bind@1.1.2: {}

  hasown@2.0.2:
    dependencies:
      function-bind: 1.1.2

  is-core-module@2.16.1:
    dependencies:
      hasown: 2.0.2

  is-module@1.0.0: {}

  is-reference@1.2.1:
    dependencies:
      '@types/estree': 1.0.7

  is-reference@3.0.3:
    dependencies:
      '@types/estree': 1.0.7

  locate-character@3.0.0: {}

  magic-string@0.30.17:
    dependencies:
      '@jridgewell/sourcemap-codec': 1.5.0

  path-parse@1.0.7: {}

  picomatch@4.0.2: {}

  resolve@1.22.10:
    dependencies:
      is-core-module: 2.16.1
      path-parse: 1.0.7
      supports-preserve-symlinks-flag: 1.0.0

  rolldown@1.0.0-beta.7(typescript@5.8.3):
    dependencies:
      '@oxc-project/types': 0.61.2
      '@valibot/to-json-schema': 1.0.0(valibot@1.0.0(typescript@5.8.3))
      valibot: 1.0.0(typescript@5.8.3)
    optionalDependencies:
      '@rolldown/binding-darwin-arm64': 1.0.0-beta.7
      '@rolldown/binding-darwin-x64': 1.0.0-beta.7
      '@rolldown/binding-freebsd-x64': 1.0.0-beta.7
      '@rolldown/binding-linux-arm-gnueabihf': 1.0.0-beta.7
      '@rolldown/binding-linux-arm64-gnu': 1.0.0-beta.7
      '@rolldown/binding-linux-arm64-musl': 1.0.0-beta.7
      '@rolldown/binding-linux-x64-gnu': 1.0.0-beta.7
      '@rolldown/binding-linux-x64-musl': 1.0.0-beta.7
      '@rolldown/binding-wasm32-wasi': 1.0.0-beta.7
      '@rolldown/binding-win32-arm64-msvc': 1.0.0-beta.7
      '@rolldown/binding-win32-ia32-msvc': 1.0.0-beta.7
      '@rolldown/binding-win32-x64-msvc': 1.0.0-beta.7
    transitivePeerDependencies:
      - typescript

  rollup@4.39.0:
    dependencies:
      '@types/estree': 1.0.7
    optionalDependencies:
      '@rollup/rollup-android-arm-eabi': 4.39.0
      '@rollup/rollup-android-arm64': 4.39.0
      '@rollup/rollup-darwin-arm64': 4.39.0
      '@rollup/rollup-darwin-x64': 4.39.0
      '@rollup/rollup-freebsd-arm64': 4.39.0
      '@rollup/rollup-freebsd-x64': 4.39.0
      '@rollup/rollup-linux-arm-gnueabihf': 4.39.0
      '@rollup/rollup-linux-arm-musleabihf': 4.39.0
      '@rollup/rollup-linux-arm64-gnu': 4.39.0
      '@rollup/rollup-linux-arm64-musl': 4.39.0
      '@rollup/rollup-linux-loongarch64-gnu': 4.39.0
      '@rollup/rollup-linux-powerpc64le-gnu': 4.39.0
      '@rollup/rollup-linux-riscv64-gnu': 4.39.0
      '@rollup/rollup-linux-riscv64-musl': 4.39.0
      '@rollup/rollup-linux-s390x-gnu': 4.39.0
      '@rollup/rollup-linux-x64-gnu': 4.39.0
      '@rollup/rollup-linux-x64-musl': 4.39.0
      '@rollup/rollup-win32-arm64-msvc': 4.39.0
      '@rollup/rollup-win32-ia32-msvc': 4.39.0
      '@rollup/rollup-win32-x64-msvc': 4.39.0
      fsevents: 2.3.3

  supports-preserve-symlinks-flag@1.0.0: {}

  svelte@5.25.10:
    dependencies:
      '@ampproject/remapping': 2.3.0
      '@jridgewell/sourcemap-codec': 1.5.0
      '@sveltejs/acorn-typescript': 1.0.5(acorn@8.14.1)
      '@types/estree': 1.0.7
      acorn: 8.14.1
      aria-query: 5.3.2
      axobject-query: 4.1.0
      clsx: 2.1.1
      esm-env: 1.2.2
      esrap: 1.4.6
      is-reference: 3.0.3
      locate-character: 3.0.0
      magic-string: 0.30.17
      zimmerframe: 1.1.2

  tslib@2.8.1: {}

  typescript@5.8.3: {}

  undici-types@6.21.0: {}

  valibot@1.0.0(typescript@5.8.3):
    optionalDependencies:
      typescript: 5.8.3

  zimmerframe@1.1.2: {}
